# This file is automatically @generated by Cargo.
# It is not intended for manual editing.
version = 3

[[package]]
name = "acpi"
version = "4.1.1"
source = "registry+https://github.com/rust-lang/crates.io-index"
checksum = "654f48ab3178632ea535be1765073b990895cb62f70a7e5671975d7150c26d15"
dependencies = [
 "bit_field",
 "log",
 "rsdp",
]

[[package]]
name = "adler32"
version = "1.2.0"
source = "registry+https://github.com/rust-lang/crates.io-index"
checksum = "aae1277d39aeec15cb388266ecc24b11c80469deae6067e17a1a7aa9e5c1f234"

[[package]]
name = "ahash"
version = "0.8.9"
source = "registry+https://github.com/rust-lang/crates.io-index"
checksum = "d713b3834d76b85304d4d525563c1276e2e30dc97cc67bfb4585a4a29fc2c89f"
dependencies = [
 "cfg-if",
 "once_cell",
 "version_check",
 "zerocopy",
]

[[package]]
name = "align_ext"
version = "0.1.0"

[[package]]
name = "allocator-api2"
version = "0.2.16"
source = "registry+https://github.com/rust-lang/crates.io-index"
checksum = "0942ffc6dcaadf03badf6e6a2d0228460359d5e34b57ccdc720b7382dfbd5ec5"

[[package]]
name = "aml"
version = "0.16.4"
source = "registry+https://github.com/rust-lang/crates.io-index"
checksum = "c4f8cba7d4260ea05671dda81029f6f718b54402a4ec926a0d9a41bdbb96b415"
dependencies = [
 "bit_field",
 "bitvec",
 "byteorder",
 "log",
 "spinning_top",
]

[[package]]
name = "arrayvec"
version = "0.5.2"
source = "registry+https://github.com/rust-lang/crates.io-index"
checksum = "23b62fc65de8e4e7f52534fb52b0f3ed04746ae267519eef2a83941e8085068b"

[[package]]
name = "ascii"
version = "1.1.0"
source = "registry+https://github.com/rust-lang/crates.io-index"
checksum = "d92bec98840b8f03a5ff5413de5293bfcd8bf96467cf5452609f939ec6f5de16"

[[package]]
name = "aster-bigtcp"
version = "0.1.0"
dependencies = [
 "keyable-arc",
 "ostd",
 "smoltcp",
]

[[package]]
name = "aster-block"
version = "0.1.0"
dependencies = [
 "align_ext",
 "aster-util",
 "bitflags 1.3.2",
 "component",
 "int-to-c-enum",
 "lazy_static",
 "log",
 "ostd",
 "spin 0.9.8",
 "static_assertions",
]

[[package]]
name = "aster-console"
version = "0.1.0"
dependencies = [
 "aster-util",
 "bitflags 1.3.2",
 "component",
 "log",
 "ostd",
 "spin 0.9.8",
]

[[package]]
name = "aster-framebuffer"
version = "0.1.0"
dependencies = [
 "component",
 "font8x8",
 "log",
 "ostd",
 "spin 0.9.8",
]

[[package]]
name = "aster-input"
version = "0.1.0"
dependencies = [
 "ascii",
 "aster-rights",
 "aster-util",
 "bitflags 1.3.2",
 "component",
 "int-to-c-enum",
 "lazy_static",
 "log",
 "ostd",
 "spin 0.9.8",
]

[[package]]
name = "aster-network"
version = "0.1.0"
dependencies = [
 "align_ext",
 "aster-bigtcp",
 "aster-rights",
 "aster-util",
 "bitflags 1.3.2",
 "bitvec",
 "component",
 "int-to-c-enum",
 "log",
 "ostd",
 "spin 0.9.8",
]

[[package]]
name = "aster-nix"
version = "0.1.0"
dependencies = [
 "align_ext",
 "ascii",
 "aster-bigtcp",
 "aster-block",
 "aster-console",
 "aster-framebuffer",
 "aster-input",
 "aster-network",
 "aster-rights",
 "aster-rights-proc",
 "aster-time",
 "aster-util",
 "aster-virtio",
 "atomic-integer-wrapper",
 "bitflags 1.3.2",
 "bitvec",
 "cfg-if",
 "component",
 "controlled",
 "core2",
 "cpio-decoder",
 "getset",
 "hashbrown",
 "id-alloc",
 "inherit-methods-macro",
 "int-to-c-enum",
 "intrusive-collections",
 "keyable-arc",
 "lazy_static",
 "lending-iterator",
 "libflate",
 "log",
 "lru",
 "ostd",
 "paste",
 "rand",
 "riscv",
 "spin 0.9.8",
 "static_assertions",
 "takeable",
 "tdx-guest",
 "time",
 "typeflags",
 "typeflags-util",
 "vte",
 "xmas-elf 0.8.0",
]

[[package]]
name = "aster-rights"
version = "0.1.0"
dependencies = [
 "aster-rights-proc",
 "bitflags 1.3.2",
 "typeflags",
 "typeflags-util",
]

[[package]]
name = "aster-rights-proc"
version = "0.1.0"
dependencies = [
 "proc-macro2",
 "quote",
 "syn 1.0.109",
]

[[package]]
name = "aster-time"
version = "0.1.0"
dependencies = [
 "aster-util",
 "chrono",
 "component",
 "log",
 "ostd",
 "spin 0.9.8",
]

[[package]]
name = "aster-util"
version = "0.1.0"
dependencies = [
 "aster-rights",
 "aster-rights-proc",
 "inherit-methods-macro",
 "ostd",
 "typeflags-util",
]

[[package]]
name = "aster-virtio"
version = "0.1.0"
dependencies = [
 "align_ext",
 "aster-bigtcp",
 "aster-block",
 "aster-console",
 "aster-input",
 "aster-network",
 "aster-rights",
 "aster-util",
 "bit_field",
 "bitflags 1.3.2",
 "bytes",
 "component",
 "id-alloc",
 "int-to-c-enum",
 "log",
 "ostd",
 "spin 0.9.8",
 "typeflags-util",
]

[[package]]
name = "atomic-integer-wrapper"
version = "0.1.0"
dependencies = [
 "proc-macro2",
 "quote",
 "syn 2.0.77",
]

[[package]]
name = "autocfg"
version = "1.1.0"
source = "registry+https://github.com/rust-lang/crates.io-index"
checksum = "d468802bab17cbc0cc575e9b053f41e72aa36bfa6b7f55e3529ffa43161b97fa"

[[package]]
name = "bit_field"
version = "0.10.2"
source = "registry+https://github.com/rust-lang/crates.io-index"
checksum = "dc827186963e592360843fb5ba4b973e145841266c1357f7180c43526f2e5b61"

[[package]]
name = "bitflags"
version = "1.3.2"
source = "registry+https://github.com/rust-lang/crates.io-index"
checksum = "bef38d45163c2f1dde094a7dfd33ccf595c92905c8f8f4fdc18d06fb1037718a"

[[package]]
name = "bitflags"
version = "2.6.0"
source = "registry+https://github.com/rust-lang/crates.io-index"
checksum = "b048fb63fd8b5923fc5aa7b340d8e156aec7ec02f0c78fa8a6ddc2613f6f71de"

[[package]]
name = "bitvec"
version = "1.0.1"
source = "registry+https://github.com/rust-lang/crates.io-index"
checksum = "1bc2832c24239b0141d5674bb9174f9d68a8b5b3f2753311927c172ca46f7e9c"
dependencies = [
 "funty",
 "radium",
 "tap",
 "wyz",
]

[[package]]
name = "buddy_system_allocator"
version = "0.10.0"
source = "registry+https://github.com/rust-lang/crates.io-index"
checksum = "a7913f22349ffcfc6ca0ca9a656ec26cfbba538ed49c31a273dff2c5d1ea83d9"

[[package]]
name = "bytemuck"
version = "1.17.0"
source = "registry+https://github.com/rust-lang/crates.io-index"
checksum = "6fd4c6dcc3b0aea2f5c0b4b82c2b15fe39ddbc76041a310848f4706edf76bb31"
dependencies = [
 "bytemuck_derive",
]

[[package]]
name = "bytemuck_derive"
version = "1.7.1"
source = "registry+https://github.com/rust-lang/crates.io-index"
checksum = "0cc8b54b395f2fcfbb3d90c47b01c7f444d94d05bdeb775811dec868ac3bbc26"
dependencies = [
 "proc-macro2",
 "quote",
 "syn 2.0.77",
]

[[package]]
name = "byteorder"
version = "1.4.3"
source = "registry+https://github.com/rust-lang/crates.io-index"
checksum = "14c189c53d098945499cdfa7ecc63567cf3886b3332b312a5b4585d8d3a6a610"

[[package]]
name = "bytes"
version = "1.4.0"
source = "registry+https://github.com/rust-lang/crates.io-index"
checksum = "89b2fd2a0dcf38d7971e2194b6b6eebab45ae01067456a7fd93d5547a61b70be"

[[package]]
name = "cfg-if"
version = "1.0.0"
source = "registry+https://github.com/rust-lang/crates.io-index"
checksum = "baf1de4339761588bc0619e3cbc0120ee582ebb74b53b4efbf79117bd2da40fd"

[[package]]
name = "chrono"
version = "0.4.38"
source = "registry+https://github.com/rust-lang/crates.io-index"
checksum = "a21f936df1771bf62b77f047b726c4625ff2e8aa607c01ec06e5a05bd8463401"
dependencies = [
 "num-traits",
]

[[package]]
name = "component"
version = "0.1.0"
dependencies = [
 "component-macro",
 "inventory",
 "json",
 "log",
]

[[package]]
name = "component-macro"
version = "0.1.0"
dependencies = [
 "itertools",
 "json",
 "proc-macro2",
 "quote",
 "syn 1.0.109",
 "toml",
]

[[package]]
name = "const-assert"
version = "1.0.1"
source = "registry+https://github.com/rust-lang/crates.io-index"
checksum = "d8298db53081b3a951cadb6e0f4ebbe36def7bcb591a34676708d0d7ac87dd86"

[[package]]
name = "controlled"
version = "0.1.0"
dependencies = [
 "proc-macro2",
 "quote",
 "syn 1.0.109",
]

[[package]]
name = "core2"
version = "0.4.0"
source = "registry+https://github.com/rust-lang/crates.io-index"
checksum = "b49ba7ef1ad6107f8824dbe97de947cbaac53c44e7f9756a1fba0d37c1eec505"
dependencies = [
 "memchr",
]

[[package]]
name = "cpio-decoder"
version = "0.1.0"
dependencies = [
 "core2",
 "int-to-c-enum",
 "lending-iterator",
]

[[package]]
name = "crc32fast"
version = "1.3.2"
source = "registry+https://github.com/rust-lang/crates.io-index"
checksum = "b540bd8bc810d3885c6ea91e2018302f68baba2129ab3e88f32389ee9370880d"
dependencies = [
 "cfg-if",
]

[[package]]
name = "critical-section"
version = "1.1.3"
source = "registry+https://github.com/rust-lang/crates.io-index"
checksum = "f64009896348fc5af4222e9cf7d7d82a95a256c634ebcf61c53e4ea461422242"

[[package]]
name = "ctor"
version = "0.1.25"
source = "git+https://github.com/asterinas/rust-ctor#e30a5d960a3eccf79a7caddfa4de43b5dce424a0"
dependencies = [
 "quote",
 "syn 1.0.109",
]

[[package]]
name = "darling"
version = "0.13.4"
source = "registry+https://github.com/rust-lang/crates.io-index"
checksum = "a01d95850c592940db9b8194bc39f4bc0e89dee5c4265e4b1807c34a9aba453c"
dependencies = [
 "darling_core",
 "darling_macro",
]

[[package]]
name = "darling_core"
version = "0.13.4"
source = "registry+https://github.com/rust-lang/crates.io-index"
checksum = "859d65a907b6852c9361e3185c862aae7fafd2887876799fa55f5f99dc40d610"
dependencies = [
 "fnv",
 "ident_case",
 "proc-macro2",
 "quote",
 "strsim",
 "syn 1.0.109",
]

[[package]]
name = "darling_macro"
version = "0.13.4"
source = "registry+https://github.com/rust-lang/crates.io-index"
checksum = "9c972679f83bdf9c42bd905396b6c3588a843a17f0f16dfcfa3e2c5d57441835"
dependencies = [
 "darling_core",
 "quote",
 "syn 1.0.109",
]

[[package]]
name = "dary_heap"
version = "0.3.6"
source = "registry+https://github.com/rust-lang/crates.io-index"
checksum = "7762d17f1241643615821a8455a0b2c3e803784b058693d990b11f2dce25a0ca"

[[package]]
name = "defmt"
version = "0.3.5"
source = "registry+https://github.com/rust-lang/crates.io-index"
checksum = "a8a2d011b2fee29fb7d659b83c43fce9a2cb4df453e16d441a51448e448f3f98"
dependencies = [
 "bitflags 1.3.2",
 "defmt-macros",
]

[[package]]
name = "defmt-macros"
version = "0.3.6"
source = "registry+https://github.com/rust-lang/crates.io-index"
checksum = "54f0216f6c5acb5ae1a47050a6645024e6edafc2ee32d421955eccfef12ef92e"
dependencies = [
 "defmt-parser",
 "proc-macro-error",
 "proc-macro2",
 "quote",
 "syn 2.0.77",
]

[[package]]
name = "defmt-parser"
version = "0.3.3"
source = "registry+https://github.com/rust-lang/crates.io-index"
checksum = "269924c02afd7f94bc4cecbfa5c379f6ffcf9766b3408fe63d22c728654eccd0"
dependencies = [
 "thiserror",
]

[[package]]
name = "deranged"
version = "0.3.7"
source = "registry+https://github.com/rust-lang/crates.io-index"
checksum = "7684a49fb1af197853ef7b2ee694bc1f5b4179556f1e5710e1760c5db6f5e929"

[[package]]
name = "derive_more"
version = "1.0.0"
source = "registry+https://github.com/rust-lang/crates.io-index"
checksum = "4a9b99b9cbbe49445b21764dc0625032a89b145a2642e67603e1c936f5458d05"
dependencies = [
 "derive_more-impl",
]

[[package]]
name = "derive_more-impl"
version = "1.0.0"
source = "registry+https://github.com/rust-lang/crates.io-index"
checksum = "cb7330aeadfbe296029522e6c40f315320aba36fc43a5b3632f3795348f3bd22"
dependencies = [
 "proc-macro2",
 "quote",
 "syn 2.0.77",
 "unicode-xid",
]

[[package]]
name = "either"
version = "1.9.0"
source = "registry+https://github.com/rust-lang/crates.io-index"
checksum = "a26ae43d7bcc3b814de94796a5e736d4029efb0ee900c12e2d54c993ad1a1e07"

[[package]]
name = "embedded-hal"
version = "1.0.0"
source = "registry+https://github.com/rust-lang/crates.io-index"
checksum = "361a90feb7004eca4019fb28352a9465666b24f840f5c3cddf0ff13920590b89"

[[package]]
name = "equivalent"
version = "1.0.1"
source = "registry+https://github.com/rust-lang/crates.io-index"
checksum = "5443807d6dff69373d433ab9ef5378ad8df50ca6298caf15de6e52e24aaf54d5"

[[package]]
name = "ext-trait"
version = "1.0.1"
source = "registry+https://github.com/rust-lang/crates.io-index"
checksum = "d772df1c1a777963712fb68e014235e80863d6a91a85c4e06ba2d16243a310e5"
dependencies = [
 "ext-trait-proc_macros",
]

[[package]]
name = "ext-trait-proc_macros"
version = "1.0.1"
source = "registry+https://github.com/rust-lang/crates.io-index"
checksum = "1ab7934152eaf26aa5aa9f7371408ad5af4c31357073c9e84c3b9d7f11ad639a"
dependencies = [
 "proc-macro2",
 "quote",
 "syn 1.0.109",
]

[[package]]
name = "extension-traits"
version = "1.0.1"
source = "registry+https://github.com/rust-lang/crates.io-index"
checksum = "a296e5a895621edf9fa8329c83aa1cb69a964643e36cf54d8d7a69b789089537"
dependencies = [
 "ext-trait",
]

[[package]]
name = "fdt"
version = "0.1.5"
source = "registry+https://github.com/rust-lang/crates.io-index"
checksum = "784a4df722dc6267a04af36895398f59d21d07dce47232adf31ec0ff2fa45e67"

[[package]]
name = "fnv"
version = "1.0.7"
source = "registry+https://github.com/rust-lang/crates.io-index"
checksum = "3f9eec918d3f24069decb9af1554cad7c880e2da24a9afd88aca000531ab82c1"

[[package]]
name = "font8x8"
version = "0.2.7"
source = "registry+https://github.com/rust-lang/crates.io-index"
checksum = "e63201c624b8c8883921b1a1accc8916c4fa9dbfb15d122b26e4dde945b86bbf"

[[package]]
name = "funty"
version = "2.0.0"
source = "registry+https://github.com/rust-lang/crates.io-index"
checksum = "e6d5a32815ae3f33302d95fdcb2ce17862f8c65363dcfd29360480ba1001fc9c"

[[package]]
name = "getrandom"
version = "0.2.10"
source = "registry+https://github.com/rust-lang/crates.io-index"
checksum = "be4136b2a15dd319360be1c07d9933517ccf0be8f16bf62a3bee4f0d618df427"
dependencies = [
 "cfg-if",
 "libc",
 "wasi",
]

[[package]]
name = "getset"
version = "0.1.2"
source = "registry+https://github.com/rust-lang/crates.io-index"
checksum = "e45727250e75cc04ff2846a66397da8ef2b3db8e40e0cef4df67950a07621eb9"
dependencies = [
 "proc-macro-error",
 "proc-macro2",
 "quote",
 "syn 1.0.109",
]

[[package]]
name = "ghost"
version = "0.1.14"
source = "registry+https://github.com/rust-lang/crates.io-index"
checksum = "ba330b70a5341d3bc730b8e205aaee97ddab5d9c448c4f51a7c2d924266fa8f9"
dependencies = [
 "proc-macro2",
 "quote",
 "syn 2.0.77",
]

[[package]]
name = "gimli"
version = "0.28.0"
source = "registry+https://github.com/rust-lang/crates.io-index"
checksum = "6fb8d784f27acf97159b40fc4db5ecd8aa23b9ad5ef69cdd136d3bc80665f0c0"

[[package]]
name = "gimli"
version = "0.30.0"
source = "registry+https://github.com/rust-lang/crates.io-index"
checksum = "e2e1d97fbe9722ba9bbd0c97051c2956e726562b61f86a25a4360398a40edfc9"

[[package]]
name = "hash32"
version = "0.3.1"
source = "registry+https://github.com/rust-lang/crates.io-index"
checksum = "47d60b12902ba28e2730cd37e95b8c9223af2808df9e902d4df49588d1470606"
dependencies = [
 "byteorder",
]

[[package]]
name = "hashbrown"
version = "0.14.3"
source = "registry+https://github.com/rust-lang/crates.io-index"
checksum = "290f1a1d9242c78d09ce40a5e87e7554ee637af1351968159f4952f028f75604"
dependencies = [
 "ahash",
 "allocator-api2",
]

[[package]]
name = "heapless"
version = "0.8.0"
source = "registry+https://github.com/rust-lang/crates.io-index"
checksum = "0bfb9eb618601c89945a70e254898da93b13be0388091d42117462b265bb3fad"
dependencies = [
 "hash32",
 "stable_deref_trait",
]

[[package]]
name = "iced-x86"
version = "1.21.0"
source = "registry+https://github.com/rust-lang/crates.io-index"
checksum = "7c447cff8c7f384a7d4f741cfcff32f75f3ad02b406432e8d6c878d56b1edf6b"
dependencies = [
 "lazy_static",
]

[[package]]
name = "id-alloc"
version = "0.1.0"
dependencies = [
 "bitvec",
]

[[package]]
name = "ident_case"
version = "1.0.1"
source = "registry+https://github.com/rust-lang/crates.io-index"
checksum = "b9e0384b61958566e926dc50660321d12159025e767c18e043daf26b70104c39"

[[package]]
name = "indexmap"
version = "2.2.3"
source = "registry+https://github.com/rust-lang/crates.io-index"
checksum = "233cf39063f058ea2caae4091bf4a3ef70a653afbc026f5c4a4135d114e3c177"
dependencies = [
 "equivalent",
 "hashbrown",
]

[[package]]
name = "inherit-methods-macro"
version = "0.1.0"
source = "git+https://github.com/asterinas/inherit-methods-macro?rev=98f7e3e#98f7e3eb9efdac98faf5a7076f154f30894b9b02"
dependencies = [
 "darling",
 "proc-macro2",
 "quote",
 "syn 1.0.109",
]

[[package]]
name = "int-to-c-enum"
version = "0.1.0"
dependencies = [
 "int-to-c-enum-derive",
]

[[package]]
name = "int-to-c-enum-derive"
version = "0.1.0"
dependencies = [
 "proc-macro2",
 "quote",
 "syn 2.0.77",
]

[[package]]
name = "intrusive-collections"
version = "0.9.6"
source = "registry+https://github.com/rust-lang/crates.io-index"
checksum = "b694dc9f70c3bda874626d2aed13b780f137aab435f4e9814121955cf706122e"
dependencies = [
 "memoffset",
]

[[package]]
name = "inventory"
version = "0.3.3"
source = "git+https://github.com/asterinas/inventory?rev=9dce587#9dce58712d1cd1e51ff067634d42b5c5fea29f48"
dependencies = [
 "ctor",
 "ghost",
]

[[package]]
name = "itertools"
version = "0.10.5"
source = "registry+https://github.com/rust-lang/crates.io-index"
checksum = "b0fd2260e829bddf4cb6ea802289de2f86d6a7a690192fbe91b3f46e0f2c8473"
dependencies = [
 "either",
]

[[package]]
name = "json"
version = "0.12.4"
source = "registry+https://github.com/rust-lang/crates.io-index"
checksum = "078e285eafdfb6c4b434e0d31e8cfcb5115b651496faca5749b88fafd4f23bfd"

[[package]]
name = "keyable-arc"
version = "0.1.0"

[[package]]
name = "lazy_static"
version = "1.4.0"
source = "registry+https://github.com/rust-lang/crates.io-index"
checksum = "e2abad23fbc42b3700f2f279844dc832adb2b2eb069b2df918f455c4e18cc646"
dependencies = [
 "spin 0.5.2",
]

[[package]]
name = "lending-iterator"
version = "0.1.7"
source = "registry+https://github.com/rust-lang/crates.io-index"
checksum = "bc07588c853b50689205fb5c00498aa681d89828e0ce8cbd965ebc7a5d8ae260"
dependencies = [
 "extension-traits",
 "lending-iterator-proc_macros",
 "macro_rules_attribute",
 "never-say-never",
 "nougat",
 "polonius-the-crab",
]

[[package]]
name = "lending-iterator-proc_macros"
version = "0.1.7"
source = "registry+https://github.com/rust-lang/crates.io-index"
checksum = "b5445dd1c0deb1e97b8a16561d17fc686ca83e8411128fb036e9668a72d51b1d"
dependencies = [
 "proc-macro2",
 "quote",
 "syn 1.0.109",
]

[[package]]
name = "libc"
version = "0.2.153"
source = "registry+https://github.com/rust-lang/crates.io-index"
checksum = "9c198f91728a82281a64e1f4f9eeb25d82cb32a5de251c6bd1b5154d63a8e7bd"

[[package]]
name = "libflate"
version = "2.1.0"
source = "registry+https://github.com/rust-lang/crates.io-index"
checksum = "45d9dfdc14ea4ef0900c1cddbc8dcd553fbaacd8a4a282cf4018ae9dd04fb21e"
dependencies = [
 "adler32",
 "core2",
 "crc32fast",
 "dary_heap",
 "libflate_lz77",
]

[[package]]
name = "libflate_lz77"
version = "2.1.0"
source = "registry+https://github.com/rust-lang/crates.io-index"
checksum = "e6e0d73b369f386f1c44abd9c570d5318f55ccde816ff4b562fa452e5182863d"
dependencies = [
 "core2",
 "hashbrown",
 "rle-decode-fast",
]

[[package]]
name = "linux-boot-params"
version = "0.1.0"

[[package]]
name = "linux-bzimage-builder"
version = "0.2.0"
dependencies = [
 "bitflags 1.3.2",
 "bytemuck",
 "libflate",
 "serde",
 "xmas-elf 0.9.1",
]

[[package]]
name = "linux-bzimage-setup"
version = "0.1.0"
dependencies = [
 "bitflags 2.6.0",
 "cfg-if",
 "core2",
 "libflate",
 "linux-boot-params",
 "log",
 "uart_16550",
 "uefi",
 "uefi-services",
 "x86_64",
 "xmas-elf 0.8.0",
]

[[package]]
name = "lock_api"
version = "0.4.10"
source = "registry+https://github.com/rust-lang/crates.io-index"
checksum = "c1cc9717a20b1bb222f333e6a92fd32f7d8a18ddc5a3191a11af45dcbf4dcd16"
dependencies = [
 "autocfg",
 "scopeguard",
]

[[package]]
name = "log"
version = "0.4.20"
source = "registry+https://github.com/rust-lang/crates.io-index"
checksum = "b5e6163cb8c49088c2c36f57875e58ccd8c87c7427f7fbd50ea6710b2f3f2e8f"

[[package]]
name = "lru"
version = "0.12.3"
source = "registry+https://github.com/rust-lang/crates.io-index"
checksum = "d3262e75e648fce39813cb56ac41f3c3e3f65217ebf3844d818d1f9398cfb0dc"
dependencies = [
 "hashbrown",
]

[[package]]
name = "macro_rules_attribute"
version = "0.1.3"
source = "registry+https://github.com/rust-lang/crates.io-index"
checksum = "cf0c9b980bf4f3a37fd7b1c066941dd1b1d0152ce6ee6e8fe8c49b9f6810d862"
dependencies = [
 "macro_rules_attribute-proc_macro",
 "paste",
]

[[package]]
name = "macro_rules_attribute-proc_macro"
version = "0.1.3"
source = "registry+https://github.com/rust-lang/crates.io-index"
checksum = "58093314a45e00c77d5c508f76e77c3396afbbc0d01506e7fae47b018bac2b1d"

[[package]]
name = "managed"
version = "0.8.0"
source = "registry+https://github.com/rust-lang/crates.io-index"
checksum = "0ca88d725a0a943b096803bd34e73a4437208b6077654cc4ecb2947a5f91618d"

[[package]]
name = "memchr"
version = "2.7.1"
source = "registry+https://github.com/rust-lang/crates.io-index"
checksum = "523dc4f511e55ab87b694dc30d0f820d60906ef06413f93d4d7a1385599cc149"

[[package]]
name = "memoffset"
version = "0.9.1"
source = "registry+https://github.com/rust-lang/crates.io-index"
checksum = "488016bfae457b036d996092f6cb448677611ce4449e970ceaf42695203f218a"
dependencies = [
 "autocfg",
]

[[package]]
name = "multiboot2"
version = "0.23.0"
source = "registry+https://github.com/rust-lang/crates.io-index"
checksum = "f8bcd36c1256cbfbabbd8da34d487a64b45bea009a869185708735951792f0f3"
dependencies = [
 "bitflags 2.6.0",
 "derive_more",
 "log",
 "multiboot2-common",
 "ptr_meta",
 "uefi-raw 0.8.0",
]

[[package]]
name = "multiboot2-common"
version = "0.2.0"
source = "registry+https://github.com/rust-lang/crates.io-index"
checksum = "f9f510cab65715c2b358a50d7d03c022e7c1499084ae6d420b0e594a9ca30853"
dependencies = [
 "derive_more",
 "ptr_meta",
]

[[package]]
name = "never-say-never"
version = "6.6.666"
source = "registry+https://github.com/rust-lang/crates.io-index"
checksum = "cf5a574dadd7941adeaa71823ecba5e28331b8313fb2e1c6a5c7e5981ea53ad6"

[[package]]
name = "nougat"
version = "0.2.4"
source = "registry+https://github.com/rust-lang/crates.io-index"
checksum = "97b57b9ced431322f054fc673f1d3c7fa52d80efd9df74ad2fc759f044742510"
dependencies = [
 "macro_rules_attribute",
 "nougat-proc_macros",
]

[[package]]
name = "nougat-proc_macros"
version = "0.2.4"
source = "registry+https://github.com/rust-lang/crates.io-index"
checksum = "c84f77a45e99a2f9b492695d99e1c23844619caa5f3e57647cffacad773ca257"
dependencies = [
 "proc-macro2",
 "quote",
 "syn 1.0.109",
]

[[package]]
name = "num"
version = "0.4.3"
source = "registry+https://github.com/rust-lang/crates.io-index"
checksum = "35bd024e8b2ff75562e5f34e7f4905839deb4b22955ef5e73d2fea1b9813cb23"
dependencies = [
 "num-complex",
 "num-integer",
 "num-iter",
 "num-rational",
 "num-traits",
]

[[package]]
name = "num-complex"
version = "0.4.6"
source = "registry+https://github.com/rust-lang/crates.io-index"
checksum = "73f88a1307638156682bada9d7604135552957b7818057dcef22705b4d509495"
dependencies = [
 "num-traits",
]

[[package]]
name = "num-derive"
version = "0.4.2"
source = "registry+https://github.com/rust-lang/crates.io-index"
checksum = "ed3955f1a9c7c0c15e092f9c887db08b1fc683305fdf6eb6684f22555355e202"
dependencies = [
 "proc-macro2",
 "quote",
 "syn 2.0.77",
]

[[package]]
name = "num-integer"
version = "0.1.46"
source = "registry+https://github.com/rust-lang/crates.io-index"
checksum = "7969661fd2958a5cb096e56c8e1ad0444ac2bbcd0061bd28660485a44879858f"
dependencies = [
 "num-traits",
]

[[package]]
name = "num-iter"
version = "0.1.45"
source = "registry+https://github.com/rust-lang/crates.io-index"
checksum = "1429034a0490724d0075ebb2bc9e875d6503c3cf69e235a8941aa757d83ef5bf"
dependencies = [
 "autocfg",
 "num-integer",
 "num-traits",
]

[[package]]
name = "num-rational"
version = "0.4.2"
source = "registry+https://github.com/rust-lang/crates.io-index"
checksum = "f83d14da390562dca69fc84082e73e548e1ad308d24accdedd2720017cb37824"
dependencies = [
 "num-integer",
 "num-traits",
]

[[package]]
name = "num-traits"
version = "0.2.19"
source = "registry+https://github.com/rust-lang/crates.io-index"
checksum = "071dfc062690e90b734c0b2273ce72ad0ffa95f0c74596bc250dcfd960262841"
dependencies = [
 "autocfg",
]

[[package]]
name = "once_cell"
version = "1.18.0"
source = "registry+https://github.com/rust-lang/crates.io-index"
checksum = "dd8b5dd2ae5ed71462c540258bedcb51965123ad7e7ccf4b9a8cafaa4a63576d"

[[package]]
name = "osdk-test-kernel"
version = "0.9.0"
dependencies = [
 "ostd",
 "owo-colors 4.0.0",
 "unwinding",
]

[[package]]
name = "ostd"
version = "0.9.0"
dependencies = [
 "acpi",
 "align_ext",
 "aml",
 "bit_field",
 "bitflags 1.3.2",
 "bitvec",
 "buddy_system_allocator",
 "cfg-if",
 "const-assert",
 "fdt",
 "gimli 0.28.0",
 "iced-x86",
 "id-alloc",
 "inherit-methods-macro",
 "int-to-c-enum",
 "intrusive-collections",
 "lazy_static",
 "linux-boot-params",
 "log",
 "multiboot2",
 "num",
 "num-derive",
 "num-traits",
 "ostd-macros",
 "ostd-pod",
 "ostd-test",
 "owo-colors 3.5.0",
 "riscv",
 "rsdp",
 "sbi-rt",
 "spin 0.9.8",
 "static_assertions",
 "tdx-guest",
 "unwinding",
 "volatile",
 "x86",
 "x86_64",
 "xarray",
]

[[package]]
name = "ostd-macros"
version = "0.9.0"
dependencies = [
 "proc-macro2",
 "quote",
 "rand",
 "syn 2.0.77",
]

[[package]]
name = "ostd-pod"
version = "0.1.1"
source = "git+https://github.com/asterinas/ostd-pod?rev=c4644be#c4644be401cae1e046a810574078b64e35924f5f"
dependencies = [
 "ostd-pod-derive",
]

[[package]]
name = "ostd-pod-derive"
version = "0.1.1"
source = "git+https://github.com/asterinas/ostd-pod?rev=c4644be#c4644be401cae1e046a810574078b64e35924f5f"
dependencies = [
 "proc-macro2",
 "quote",
 "syn 1.0.109",
]

[[package]]
name = "ostd-test"
version = "0.9.0"

[[package]]
name = "owo-colors"
version = "3.5.0"
source = "registry+https://github.com/rust-lang/crates.io-index"
checksum = "c1b04fb49957986fdce4d6ee7a65027d55d4b6d2265e5848bbb507b58ccfdb6f"

[[package]]
name = "owo-colors"
version = "4.0.0"
source = "registry+https://github.com/rust-lang/crates.io-index"
checksum = "caff54706df99d2a78a5a4e3455ff45448d81ef1bb63c22cd14052ca0e993a3f"

[[package]]
name = "paste"
version = "1.0.14"
source = "registry+https://github.com/rust-lang/crates.io-index"
checksum = "de3145af08024dea9fa9914f381a17b8fc6034dfb00f3a84013f7ff43f29ed4c"

[[package]]
name = "polonius-the-crab"
version = "0.2.1"
source = "registry+https://github.com/rust-lang/crates.io-index"
checksum = "c2a69ee997a6282f8462abf1e0d8c38c965e968799e912b3bed8c9e8a28c2f9f"

[[package]]
name = "ppv-lite86"
version = "0.2.17"
source = "registry+https://github.com/rust-lang/crates.io-index"
checksum = "5b40af805b3121feab8a3c29f04d8ad262fa8e0561883e7653e024ae4479e6de"

[[package]]
name = "proc-macro-error"
version = "1.0.4"
source = "registry+https://github.com/rust-lang/crates.io-index"
checksum = "da25490ff9892aab3fcf7c36f08cfb902dd3e71ca0f9f9517bea02a73a5ce38c"
dependencies = [
 "proc-macro-error-attr",
 "proc-macro2",
 "quote",
 "syn 1.0.109",
 "version_check",
]

[[package]]
name = "proc-macro-error-attr"
version = "1.0.4"
source = "registry+https://github.com/rust-lang/crates.io-index"
checksum = "a1be40180e52ecc98ad80b184934baf3d0d29f979574e439af5a55274b35f869"
dependencies = [
 "proc-macro2",
 "quote",
 "version_check",
]

[[package]]
name = "proc-macro2"
version = "1.0.86"
source = "registry+https://github.com/rust-lang/crates.io-index"
checksum = "5e719e8df665df0d1c8fbfd238015744736151d4445ec0836b8e628aae103b77"
dependencies = [
 "unicode-ident",
]

[[package]]
name = "ptr_meta"
version = "0.2.0"
source = "registry+https://github.com/rust-lang/crates.io-index"
checksum = "bcada80daa06c42ed5f48c9a043865edea5dc44cbf9ac009fda3b89526e28607"
dependencies = [
 "ptr_meta_derive",
]

[[package]]
name = "ptr_meta_derive"
version = "0.2.0"
source = "registry+https://github.com/rust-lang/crates.io-index"
checksum = "bca9224df2e20e7c5548aeb5f110a0f3b77ef05f8585139b7148b59056168ed2"
dependencies = [
 "proc-macro2",
 "quote",
 "syn 1.0.109",
]

[[package]]
name = "quote"
version = "1.0.37"
source = "registry+https://github.com/rust-lang/crates.io-index"
checksum = "b5b9d34b8991d19d98081b46eacdd8eb58c6f2b201139f7c5f643cc155a633af"
dependencies = [
 "proc-macro2",
]

[[package]]
name = "radium"
version = "0.7.0"
source = "registry+https://github.com/rust-lang/crates.io-index"
checksum = "dc33ff2d4973d518d823d61aa239014831e521c75da58e3df4840d3f47749d09"

[[package]]
name = "rand"
version = "0.8.5"
source = "registry+https://github.com/rust-lang/crates.io-index"
checksum = "34af8d1a0e25924bc5b7c43c079c942339d8f0a8b57c39049bef581b46327404"
dependencies = [
 "libc",
 "rand_chacha",
 "rand_core",
]

[[package]]
name = "rand_chacha"
version = "0.3.1"
source = "registry+https://github.com/rust-lang/crates.io-index"
checksum = "e6c10a63a0fa32252be49d21e7709d4d4baf8d231c2dbce1eaa8141b9b127d88"
dependencies = [
 "ppv-lite86",
 "rand_core",
]

[[package]]
name = "rand_core"
version = "0.6.4"
source = "registry+https://github.com/rust-lang/crates.io-index"
checksum = "ec0be4795e2f6a28069bec0b5ff3e2ac9bafc99e6a9a7dc3547996c5c816922c"
dependencies = [
 "getrandom",
]

[[package]]
name = "raw-cpuid"
version = "10.7.0"
source = "registry+https://github.com/rust-lang/crates.io-index"
checksum = "6c297679cb867470fa8c9f67dbba74a78d78e3e98d7cf2b08d6d71540f797332"
dependencies = [
 "bitflags 1.3.2",
]

[[package]]
name = "riscv"
version = "0.11.1"
source = "registry+https://github.com/rust-lang/crates.io-index"
checksum = "2f5c1b8bf41ea746266cdee443d1d1e9125c86ce1447e1a2615abd34330d33a9"
dependencies = [
 "critical-section",
 "embedded-hal",
]

[[package]]
name = "rle-decode-fast"
version = "1.0.3"
source = "registry+https://github.com/rust-lang/crates.io-index"
checksum = "3582f63211428f83597b51b2ddb88e2a91a9d52d12831f9d08f5e624e8977422"

[[package]]
name = "rsdp"
version = "2.0.0"
source = "registry+https://github.com/rust-lang/crates.io-index"
checksum = "66d3add2fc55ef37511bcf81a08ee7a09eff07b23aae38b06a29024a38c604b1"
dependencies = [
 "log",
]

[[package]]
name = "rustversion"
version = "1.0.14"
source = "registry+https://github.com/rust-lang/crates.io-index"
checksum = "7ffc183a10b4478d04cbbbfc96d0873219d962dd5accaff2ffbd4ceb7df837f4"

[[package]]
name = "sbi-rt"
version = "0.0.3"
source = "registry+https://github.com/rust-lang/crates.io-index"
checksum = "7fbaa69be1eedc61c426e6d489b2260482e928b465360576900d52d496a58bd0"
dependencies = [
 "sbi-spec",
]

[[package]]
name = "sbi-spec"
version = "0.0.7"
source = "registry+https://github.com/rust-lang/crates.io-index"
checksum = "e6e36312fb5ddc10d08ecdc65187402baba4ac34585cb9d1b78522ae2358d890"

[[package]]
name = "scopeguard"
version = "1.2.0"
source = "registry+https://github.com/rust-lang/crates.io-index"
checksum = "94143f37725109f92c262ed2cf5e59bce7498c01bcc1502d7b9afe439a4e9f49"

[[package]]
name = "serde"
version = "1.0.196"
source = "registry+https://github.com/rust-lang/crates.io-index"
checksum = "870026e60fa08c69f064aa766c10f10b1d62db9ccd4d0abb206472bee0ce3b32"
dependencies = [
 "serde_derive",
]

[[package]]
name = "serde_derive"
version = "1.0.196"
source = "registry+https://github.com/rust-lang/crates.io-index"
checksum = "33c85360c95e7d137454dc81d9a4ed2b8efd8fbe19cee57357b32b9771fccb67"
dependencies = [
 "proc-macro2",
 "quote",
 "syn 2.0.77",
]

[[package]]
name = "serde_spanned"
version = "0.6.7"
source = "registry+https://github.com/rust-lang/crates.io-index"
checksum = "eb5b1b31579f3811bf615c144393417496f152e12ac8b7663bf664f4a815306d"
dependencies = [
 "serde",
]

[[package]]
name = "smallvec"
version = "1.13.2"
source = "registry+https://github.com/rust-lang/crates.io-index"
checksum = "3c5e1a9a646d36c3599cd173a41282daf47c44583ad367b8e6837255952e5c67"

[[package]]
name = "smoltcp"
version = "0.11.0"
source = "git+https://github.com/asterinas/smoltcp?rev=37716bf#37716bff5ed5b16aba1b8a37e788ee5a6bf32cab"
dependencies = [
 "bitflags 1.3.2",
 "byteorder",
 "cfg-if",
 "defmt",
 "heapless",
 "log",
 "managed",
]

[[package]]
name = "spin"
version = "0.5.2"
source = "registry+https://github.com/rust-lang/crates.io-index"
checksum = "6e63cff320ae2c57904679ba7cb63280a3dc4613885beafb148ee7bf9aa9042d"

[[package]]
name = "spin"
version = "0.9.8"
source = "registry+https://github.com/rust-lang/crates.io-index"
checksum = "6980e8d7511241f8acf4aebddbb1ff938df5eebe98691418c4468d0b72a96a67"
dependencies = [
 "lock_api",
]

[[package]]
name = "spinning_top"
version = "0.2.5"
source = "registry+https://github.com/rust-lang/crates.io-index"
checksum = "5b9eb1a2f4c41445a3a0ff9abc5221c5fcd28e1f13cd7c0397706f9ac938ddb0"
dependencies = [
 "lock_api",
]

[[package]]
name = "stable_deref_trait"
version = "1.2.0"
source = "registry+https://github.com/rust-lang/crates.io-index"
checksum = "a8f112729512f8e442d81f95a8a7ddf2b7c6b8a1a6f509a95864142b30cab2d3"

[[package]]
name = "static_assertions"
version = "1.1.0"
source = "registry+https://github.com/rust-lang/crates.io-index"
checksum = "a2eb9349b6444b326872e140eb1cf5e7c522154d69e7a0ffb0fb81c06b37543f"

[[package]]
name = "strsim"
version = "0.10.0"
source = "registry+https://github.com/rust-lang/crates.io-index"
checksum = "73473c0e59e6d5812c5dfe2a064a6444949f089e20eec9a2e5506596494e4623"

[[package]]
name = "syn"
version = "1.0.109"
source = "registry+https://github.com/rust-lang/crates.io-index"
checksum = "72b64191b275b66ffe2469e8af2c1cfe3bafa67b529ead792a6d0160888b4237"
dependencies = [
 "proc-macro2",
 "quote",
 "unicode-ident",
]

[[package]]
name = "syn"
version = "2.0.77"
source = "registry+https://github.com/rust-lang/crates.io-index"
checksum = "9f35bcdf61fd8e7be6caf75f429fdca8beb3ed76584befb503b1569faee373ed"
dependencies = [
 "proc-macro2",
 "quote",
 "unicode-ident",
]

[[package]]
name = "takeable"
version = "0.2.2"
source = "registry+https://github.com/rust-lang/crates.io-index"
checksum = "7efe11d01772262041364ebf855e0c6c9e2bd0dd4f059083e540a5f1cda69477"

[[package]]
name = "tap"
version = "1.0.1"
source = "registry+https://github.com/rust-lang/crates.io-index"
checksum = "55937e1799185b12863d447f42597ed69d9928686b8d88a1df17376a097d8369"

[[package]]
name = "tdx-guest"
version = "0.1.7"
source = "registry+https://github.com/rust-lang/crates.io-index"
checksum = "d08fda76b8a438b7d926a92217a709ba39ef9031b8544a9a3f3af08d1b3f87e9"
dependencies = [
 "bitflags 1.3.2",
 "iced-x86",
 "lazy_static",
 "raw-cpuid",
 "x86_64",
]

[[package]]
name = "thiserror"
version = "1.0.44"
source = "registry+https://github.com/rust-lang/crates.io-index"
checksum = "611040a08a0439f8248d1990b111c95baa9c704c805fa1f62104b39655fd7f90"
dependencies = [
 "thiserror-impl",
]

[[package]]
name = "thiserror-impl"
version = "1.0.44"
source = "registry+https://github.com/rust-lang/crates.io-index"
checksum = "090198534930841fab3a5d1bb637cde49e339654e606195f8d9c76eeb081dc96"
dependencies = [
 "proc-macro2",
 "quote",
 "syn 2.0.77",
]

[[package]]
name = "time"
version = "0.3.25"
source = "registry+https://github.com/rust-lang/crates.io-index"
checksum = "b0fdd63d58b18d663fbdf70e049f00a22c8e42be082203be7f26589213cd75ea"
dependencies = [
 "deranged",
 "serde",
 "time-core",
]

[[package]]
name = "time-core"
version = "0.1.1"
source = "registry+https://github.com/rust-lang/crates.io-index"
checksum = "7300fbefb4dadc1af235a9cef3737cea692a9d97e1b9cbcd4ebdae6f8868e6fb"

[[package]]
name = "toml"
version = "0.7.6"
source = "registry+https://github.com/rust-lang/crates.io-index"
checksum = "c17e963a819c331dcacd7ab957d80bc2b9a9c1e71c804826d2f283dd65306542"
dependencies = [
 "serde",
 "serde_spanned",
 "toml_datetime",
 "toml_edit",
]

[[package]]
name = "toml_datetime"
version = "0.6.7"
source = "registry+https://github.com/rust-lang/crates.io-index"
checksum = "f8fb9f64314842840f1d940ac544da178732128f1c78c21772e876579e0da1db"
dependencies = [
 "serde",
]

[[package]]
name = "toml_edit"
version = "0.19.14"
source = "registry+https://github.com/rust-lang/crates.io-index"
checksum = "f8123f27e969974a3dfba720fdb560be359f57b44302d280ba72e76a74480e8a"
dependencies = [
 "indexmap",
 "serde",
 "serde_spanned",
 "toml_datetime",
 "winnow",
]

[[package]]
name = "typeflags"
version = "0.1.0"
dependencies = [
 "itertools",
 "proc-macro2",
 "quote",
 "syn 1.0.109",
 "typeflags-util",
]

[[package]]
name = "typeflags-util"
version = "0.1.0"

[[package]]
name = "uart_16550"
version = "0.3.0"
source = "registry+https://github.com/rust-lang/crates.io-index"
checksum = "6dc00444796f6c71f47c85397a35e9c4dbf9901902ac02386940d178e2b78687"
dependencies = [
 "bitflags 1.3.2",
 "rustversion",
 "x86",
]

[[package]]
name = "ucs2"
version = "0.3.2"
source = "registry+https://github.com/rust-lang/crates.io-index"
checksum = "bad643914094137d475641b6bab89462505316ec2ce70907ad20102d28a79ab8"
dependencies = [
 "bit_field",
]

[[package]]
name = "uefi"
version = "0.26.0"
source = "registry+https://github.com/rust-lang/crates.io-index"
checksum = "07ead9f748a4646479b850add36b527113a80e80a7e0f44d7b0334291850dcc5"
dependencies = [
 "bitflags 2.6.0",
 "log",
 "ptr_meta",
 "ucs2",
 "uefi-macros",
 "uefi-raw 0.5.0",
 "uguid",
]

[[package]]
name = "uefi-macros"
version = "0.13.0"
source = "registry+https://github.com/rust-lang/crates.io-index"
checksum = "26a7b1c2c808c3db854a54d5215e3f7e7aaf5dcfbce095598cba6af29895695d"
dependencies = [
 "proc-macro2",
 "quote",
 "syn 2.0.77",
]

[[package]]
name = "uefi-raw"
version = "0.5.0"
source = "registry+https://github.com/rust-lang/crates.io-index"
checksum = "864ac69eadd877bfb34e7814be1928122ed0057d9f975169a56ee496aa7bdfd7"
dependencies = [
 "bitflags 2.6.0",
 "ptr_meta",
 "uguid",
]

[[package]]
name = "uefi-raw"
version = "0.8.0"
source = "registry+https://github.com/rust-lang/crates.io-index"
checksum = "b463030b802e1265a3800fab24df95d3229c202c2e408832a206f05b4d1496ca"
dependencies = [
 "bitflags 2.6.0",
 "ptr_meta",
 "uguid",
]

[[package]]
name = "uefi-services"
version = "0.23.0"
source = "registry+https://github.com/rust-lang/crates.io-index"
checksum = "a79fcb420624743c895bad0f9480fbc2f64e7c8d8611fb1ada6bdd799942feb4"
dependencies = [
 "cfg-if",
 "log",
 "uefi",
]

[[package]]
name = "uguid"
version = "2.1.0"
source = "registry+https://github.com/rust-lang/crates.io-index"
checksum = "1ef516f0806c5f61da6aa95125d0eb2d91cc95b2df426c06bde8be657282aee5"

[[package]]
name = "unicode-ident"
version = "1.0.11"
source = "registry+https://github.com/rust-lang/crates.io-index"
checksum = "301abaae475aa91687eb82514b328ab47a211a533026cb25fc3e519b86adfc3c"

[[package]]
name = "unicode-xid"
version = "0.2.5"
source = "registry+https://github.com/rust-lang/crates.io-index"
checksum = "229730647fbc343e3a80e463c1db7f78f3855d3f3739bee0dda773c9a037c90a"

[[package]]
name = "unwinding"
version = "0.2.2"
source = "registry+https://github.com/rust-lang/crates.io-index"
checksum = "dc55842d0db6329a669d55a623c674b02d677b16bfb2d24857d4089d41eba882"
dependencies = [
 "gimli 0.30.0",
]

[[package]]
name = "utf8parse"
version = "0.2.1"
source = "registry+https://github.com/rust-lang/crates.io-index"
checksum = "711b9620af191e0cdc7468a8d14e709c3dcdb115b36f838e601583af800a370a"

[[package]]
name = "version_check"
version = "0.9.4"
source = "registry+https://github.com/rust-lang/crates.io-index"
checksum = "49874b5167b65d7193b8aba1567f5c7d93d001cafc34600cee003eda787e483f"

[[package]]
name = "volatile"
version = "0.4.6"
source = "registry+https://github.com/rust-lang/crates.io-index"
checksum = "442887c63f2c839b346c192d047a7c87e73d0689c9157b00b53dcc27dd5ea793"

[[package]]
name = "vte"
version = "0.10.1"
source = "registry+https://github.com/rust-lang/crates.io-index"
checksum = "6cbce692ab4ca2f1f3047fcf732430249c0e971bfdd2b234cf2c47ad93af5983"
dependencies = [
 "arrayvec",
 "utf8parse",
 "vte_generate_state_changes",
]

[[package]]
name = "vte_generate_state_changes"
version = "0.1.1"
source = "registry+https://github.com/rust-lang/crates.io-index"
checksum = "d257817081c7dffcdbab24b9e62d2def62e2ff7d00b1c20062551e6cccc145ff"
dependencies = [
 "proc-macro2",
 "quote",
]

[[package]]
name = "wasi"
version = "0.11.0+wasi-snapshot-preview1"
source = "registry+https://github.com/rust-lang/crates.io-index"
checksum = "9c8d87e72b64a3b4db28d11ce29237c246188f4f51057d65a7eab63b7987e423"

[[package]]
name = "winnow"
version = "0.5.7"
source = "registry+https://github.com/rust-lang/crates.io-index"
checksum = "19f495880723d0999eb3500a9064d8dbcf836460b24c17df80ea7b5794053aac"
dependencies = [
 "memchr",
]

[[package]]
name = "wyz"
version = "0.5.1"
source = "registry+https://github.com/rust-lang/crates.io-index"
checksum = "05f360fc0b24296329c78fda852a1e9ae82de9cf7b27dae4b7f62f118f77b9ed"
dependencies = [
 "tap",
]

[[package]]
name = "x86"
version = "0.52.0"
source = "registry+https://github.com/rust-lang/crates.io-index"
checksum = "2781db97787217ad2a2845c396a5efe286f87467a5810836db6d74926e94a385"
dependencies = [
 "bit_field",
 "bitflags 1.3.2",
 "raw-cpuid",
]

[[package]]
name = "x86_64"
version = "0.14.11"
source = "registry+https://github.com/rust-lang/crates.io-index"
checksum = "3b835097a84e4457323331ec5d6eb23d096066cbfb215d54096dcb4b2e85f500"
dependencies = [
 "bit_field",
 "bitflags 2.6.0",
 "rustversion",
 "volatile",
]

[[package]]
name = "xarray"
version = "0.1.0"
source = "git+https://github.com/asterinas/xarray#1dad5d9b74aac30193bd242a97077b4c54933830"
dependencies = [
 "smallvec",
]

[[package]]
name = "xmas-elf"
version = "0.8.0"
source = "registry+https://github.com/rust-lang/crates.io-index"
checksum = "8d29b4d8e7beaceb4e77447ba941a7600d23d0319ab52da0461abea214832d5a"
dependencies = [
 "zero",
]

[[package]]
name = "xmas-elf"
version = "0.9.1"
source = "registry+https://github.com/rust-lang/crates.io-index"
checksum = "42c49817e78342f7f30a181573d82ff55b88a35f86ccaf07fc64b3008f56d1c6"
dependencies = [
 "zero",
]

[[package]]
name = "zero"
version = "0.1.3"
source = "registry+https://github.com/rust-lang/crates.io-index"
checksum = "2fe21bcc34ca7fe6dd56cc2cb1261ea59d6b93620215aefb5ea6032265527784"

[[package]]
name = "zerocopy"
version = "0.7.32"
source = "registry+https://github.com/rust-lang/crates.io-index"
checksum = "74d4d3961e53fa4c9a25a8637fc2bfaf2595b3d3ae34875568a5cf64787716be"
dependencies = [
 "zerocopy-derive",
]

[[package]]
name = "zerocopy-derive"
version = "0.7.32"
source = "registry+https://github.com/rust-lang/crates.io-index"
checksum = "9ce1b18ccd8e73a9321186f97e46f9f04b778851177567b1975109d26a08d2a6"
dependencies = [
 "proc-macro2",
 "quote",
 "syn 2.0.77",
]
