{
  "nodes": {
    "devenv": {
      "locked": {
        "dir": "src/modules",
        "lastModified": 1787350801,
        "narHash": "sha256-gEOKc1EhkbrUj7JTjxwlNyh42vu89lpiyP33ubx/NCw=",
        "owner": "cachix",
        "repo": "devenv",
        "rev": "5844e78c960ab73bb92e131bc2902b39b9ee52dd",
        "type": "github"
      },
      "original": {
        "dir": "src/modules",
        "owner": "cachix",
        "repo": "devenv",
        "type": "github"
      }
    },
    "linux-vdso": {
      "flake": false,
      "locked": {
        "lastModified": 1755760623,
        "narHash": "sha256-Zimwr72fbR694fO7sdYrMK4SDp4w03UHW/QtmJyiP+Q=",
        "owner": "asterinas",
        "repo": "linux_vdso",
        "rev": "74898350d406d6cd8988531ad737380a8e2cdbf4",
        "type": "github"
      },
      "original": {
        "owner": "asterinas",
        "repo": "linux_vdso",
        "type": "github"
      }
    },
    "nixpkgs": {
      "inputs": {
        "nixpkgs-src": "nixpkgs-src"
      },
      "locked": {
        "lastModified": 1787002832,
        "narHash": "sha256-DGkHh88/7YLVGZ7HzSVN4YmUmR+wGKudIp6H9UsUNT0=",
        "owner": "cachix",
        "repo": "devenv-nixpkgs",
        "rev": "ee3d58d53cfcddfc0ae6fc7f04f4fe2a0c7cf0ed",
        "type": "github"
      },
      "original": {
        "owner": "cachix",
        "ref": "rolling",
        "repo": "devenv-nixpkgs",
        "type": "github"
      }
    },
    "nixpkgs-multiverse": {
      "locked": {
        "lastModified": 1787432830,
        "narHash": "sha256-4qXD9govwRkbfP8CEYDqfDGFWEefCbBMc7/ZUMK4FS0=",
        "owner": "fzakaria",
        "repo": "nixpkgs-multiverse",
        "rev": "83a703cda645262d46f27b10a5392baf15355ec4",
        "type": "github"
      },
      "original": {
        "owner": "fzakaria",
        "repo": "nixpkgs-multiverse",
        "type": "github"
      }
    },
    "nixpkgs-src": {
      "flake": false,
      "locked": {
        "lastModified": 1786858016,
        "narHash": "sha256-Vczr2zxD0orq6N2QQe5uqOGF7TRDcQJRRuAcsdHr4kg=",
        "owner": "NixOS",
        "repo": "nixpkgs",
        "rev": "54ba4bcec4043e72a4006d825e0d7aff5562008f",
        "type": "github"
      },
      "original": {
        "owner": "NixOS",
        "ref": "nixpkgs-unstable",
        "repo": "nixpkgs",
        "type": "github"
      }
    },
    "root": {
      "inputs": {
        "devenv": "devenv",
        "linux-vdso": "linux-vdso",
        "nixpkgs": "nixpkgs",
        "nixpkgs-multiverse": "nixpkgs-multiverse",
        "rust-overlay": "rust-overlay"
      }
    },
    "rust-overlay": {
      "inputs": {
        "nixpkgs": [
          "nixpkgs"
        ]
      },
      "locked": {
        "lastModified": 1787454509,
        "narHash": "sha256-r4LDUF+zmJnkftvCVkCrUhSJazsf6EVJF+V2l4/MYbI=",
        "owner": "oxalica",
        "repo": "rust-overlay",
        "rev": "f60c1b57ff805a46b5175c76fc981fb4f81efbcc",
        "type": "github"
      },
      "original": {
        "owner": "oxalica",
        "repo": "rust-overlay",
        "type": "github"
      }
    }
  },
  "root": "root",
  "version": 7
}