# This file is automatically @generated by Cargo.
# It is not intended for manual editing.
version = 3

[[package]]
name = "acpi"
version = "4.1.1"
source = "registry+https://github.com/rust-lang/crates.io-index"
checksum = "654f48ab3178632ea535be1765073b990895cb62f70a7e5671975d7150c26d15"
dependencies = [
 "bit_field",
 "log",
 "rsdp",
]

[[package]]
name = "ahash"
version = "0.8.2"
source = "registry+https://github.com/rust-lang/crates.io-index"
checksum = "bf6ccdb167abbf410dcb915cabd428929d7f6a04980b54a11f26a39f1c7f7107"
dependencies = [
 "cfg-if",
 "once_cell",
 "version_check",
]

[[package]]
name = "align_ext"
version = "0.1.0"

[[package]]
name = "aml"
version = "0.16.3"
source = "registry+https://github.com/rust-lang/crates.io-index"
checksum = "5dcf92e2afd8d6607e435cdc1d8ea76260fa467f6cf821f6af40e88dca15d183"
dependencies = [
 "bit_field",
 "bitvec",
 "byteorder",
 "log",
 "spinning_top",
]

[[package]]
name = "anyhow"
version = "1.0.32"
source = "registry+https://github.com/rust-lang/crates.io-index"
checksum = "6b602bfe940d21c130f3895acd65221e8a61270debe89d628b9cb4e3ccb8569b"

[[package]]
name = "arrayvec"
version = "0.5.2"
source = "registry+https://github.com/rust-lang/crates.io-index"
checksum = "23b62fc65de8e4e7f52534fb52b0f3ed04746ae267519eef2a83941e8085068b"

[[package]]
name = "ascii"
version = "1.1.0"
source = "registry+https://github.com/rust-lang/crates.io-index"
checksum = "d92bec98840b8f03a5ff5413de5293bfcd8bf96467cf5452609f939ec6f5de16"

[[package]]
name = "autocfg"
version = "1.1.0"
source = "registry+https://github.com/rust-lang/crates.io-index"
checksum = "d468802bab17cbc0cc575e9b053f41e72aa36bfa6b7f55e3529ffa43161b97fa"

[[package]]
name = "bit_field"
version = "0.10.1"
source = "registry+https://github.com/rust-lang/crates.io-index"
checksum = "dcb6dd1c2376d2e096796e234a70e17e94cc2d5d54ff8ce42b28cef1d0d359a4"

[[package]]
name = "bitflags"
version = "1.3.2"
source = "registry+https://github.com/rust-lang/crates.io-index"
checksum = "bef38d45163c2f1dde094a7dfd33ccf595c92905c8f8f4fdc18d06fb1037718a"

[[package]]
name = "bitvec"
version = "1.0.1"
source = "registry+https://github.com/rust-lang/crates.io-index"
checksum = "1bc2832c24239b0141d5674bb9174f9d68a8b5b3f2753311927c172ca46f7e9c"
dependencies = [
 "funty",
 "radium",
 "tap",
 "wyz",
]

[[package]]
name = "buddy_system_allocator"
version = "0.9.0"
source = "registry+https://github.com/rust-lang/crates.io-index"
checksum = "43f9365b6b0c9e1663ca4ca9440c00eda46bc85a3407070be8b5e0d8d1f29629"
dependencies = [
 "spin 0.9.4",
]

[[package]]
name = "byteorder"
version = "1.4.3"
source = "registry+https://github.com/rust-lang/crates.io-index"
checksum = "14c189c53d098945499cdfa7ecc63567cf3886b3332b312a5b4585d8d3a6a610"

[[package]]
name = "cfg-if"
version = "1.0.0"
source = "registry+https://github.com/rust-lang/crates.io-index"
checksum = "baf1de4339761588bc0619e3cbc0120ee582ebb74b53b4efbf79117bd2da40fd"

[[package]]
name = "component"
version = "0.1.0"
dependencies = [
 "component-macro",
 "inventory",
 "json",
 "log",
]

[[package]]
name = "component-macro"
version = "0.1.0"
dependencies = [
 "itertools",
 "json",
 "proc-macro2",
 "quote",
 "syn",
 "toml",
]

[[package]]
name = "controlled"
version = "0.1.0"
dependencies = [
 "proc-macro2",
 "quote",
 "syn",
]

[[package]]
name = "cpio-decoder"
version = "0.1.0"

[[package]]
name = "ctor"
version = "0.1.25"
source = "git+https://github.com/sdww0/rust-ctor#a6ee5e7a69cb368f00e7df00108028635fdf3fbd"
dependencies = [
 "quote",
 "syn",
]

[[package]]
name = "either"
version = "1.8.0"
source = "registry+https://github.com/rust-lang/crates.io-index"
checksum = "90e5c1c8368803113bf0c9584fc495a58b86dc8a29edbf8fe877d21d9507e797"

[[package]]
name = "font8x8"
version = "0.2.7"
source = "registry+https://github.com/rust-lang/crates.io-index"
checksum = "e63201c624b8c8883921b1a1accc8916c4fa9dbfb15d122b26e4dde945b86bbf"

[[package]]
name = "funty"
version = "2.0.0"
source = "registry+https://github.com/rust-lang/crates.io-index"
checksum = "e6d5a32815ae3f33302d95fdcb2ce17862f8c65363dcfd29360480ba1001fc9c"

[[package]]
name = "ghost"
version = "0.1.7"
source = "registry+https://github.com/rust-lang/crates.io-index"
checksum = "41973d4c45f7a35af8753ba3457cc99d406d863941fd7f52663cff54a5ab99b3"
dependencies = [
 "proc-macro2",
 "quote",
 "syn",
]

[[package]]
name = "hashbrown"
version = "0.12.3"
source = "registry+https://github.com/rust-lang/crates.io-index"
checksum = "8a9ee70c43aaf417c914396645a0fa852624801b24ebb7ae78fe8272889ac888"

[[package]]
name = "hashbrown"
version = "0.13.1"
source = "registry+https://github.com/rust-lang/crates.io-index"
checksum = "33ff8ae62cd3a9102e5637afc8452c55acf3844001bd5374e0b0bd7b6616c038"
dependencies = [
 "ahash",
]

[[package]]
name = "indexmap"
version = "1.9.2"
source = "registry+https://github.com/rust-lang/crates.io-index"
checksum = "1885e79c1fc4b10f0e172c475f458b7f7b93061064d98c3293e98c5ba0c8b399"
dependencies = [
 "autocfg",
 "hashbrown 0.12.3",
]

[[package]]
name = "intrusive-collections"
version = "0.9.5"
source = "registry+https://github.com/rust-lang/crates.io-index"
checksum = "3f4f90afb01281fdeffb0f8e082d230cbe4f888f837cc90759696b858db1a700"
dependencies = [
 "memoffset",
]

[[package]]
name = "inventory"
version = "0.3.3"
source = "git+https://github.com/sdww0/inventory?rev=6356dc7#6356dc79fb15ae4e72ddb6fe826a3ea76d9046a5"
dependencies = [
 "ctor",
 "ghost",
]

[[package]]
name = "itertools"
version = "0.10.5"
source = "registry+https://github.com/rust-lang/crates.io-index"
checksum = "b0fd2260e829bddf4cb6ea802289de2f86d6a7a690192fbe91b3f46e0f2c8473"
dependencies = [
 "either",
]

[[package]]
name = "jinux"
version = "0.1.0"
dependencies = [
 "component",
 "jinux-frame",
 "jinux-framebuffer",
 "jinux-std",
 "jinux-time",
 "limine",
 "x86_64",
]

[[package]]
name = "jinux-block"
version = "0.1.0"
dependencies = [
 "bitflags",
 "component",
 "jinux-frame",
 "jinux-pci",
 "jinux-util",
 "jinux-virtio",
 "lazy_static",
 "log",
 "spin 0.9.4",
]

[[package]]
name = "jinux-boot"
version = "0.1.0"
dependencies = [
 "anyhow",
 "runner-utils",
]

[[package]]
name = "jinux-frame"
version = "0.1.0"
dependencies = [
 "acpi",
 "align_ext",
 "aml",
 "bitflags",
 "buddy_system_allocator",
 "cfg-if",
 "intrusive-collections",
 "lazy_static",
 "limine",
 "log",
 "pod",
 "spin 0.9.4",
 "trapframe",
 "volatile",
 "x86",
 "x86_64",
]

[[package]]
name = "jinux-framebuffer"
version = "0.1.0"
dependencies = [
 "component",
 "font8x8",
 "jinux-frame",
 "log",
 "spin 0.9.4",
]

[[package]]
name = "jinux-input"
version = "0.1.0"
dependencies = [
 "bitflags",
 "component",
 "jinux-frame",
 "jinux-pci",
 "jinux-util",
 "jinux-virtio",
 "lazy_static",
 "log",
 "spin 0.9.4",
 "virtio-input-decoder",
]

[[package]]
name = "jinux-pci"
version = "0.1.0"
dependencies = [
 "bitflags",
 "component",
 "jinux-frame",
 "jinux-util",
 "lazy_static",
 "log",
 "pod",
 "spin 0.9.4",
]

[[package]]
name = "jinux-rights-proc"
version = "0.1.0"
dependencies = [
 "proc-macro2",
 "quote",
 "syn",
]

[[package]]
name = "jinux-std"
version = "0.1.0"
dependencies = [
 "align_ext",
 "ascii",
 "bitflags",
 "controlled",
 "cpio-decoder",
 "intrusive-collections",
 "jinux-block",
 "jinux-frame",
 "jinux-input",
 "jinux-rights-proc",
 "jinux-time",
 "jinux-util",
 "lazy_static",
 "log",
 "lru",
 "pod",
 "ringbuffer",
 "spin 0.9.4",
 "time",
 "typeflags",
 "typeflags-util",
 "virtio-input-decoder",
 "vte",
 "xmas-elf",
]

[[package]]
name = "jinux-time"
version = "0.1.0"
dependencies = [
 "component",
 "jinux-frame",
 "log",
 "spin 0.9.4",
]

[[package]]
name = "jinux-util"
version = "0.1.0"
dependencies = [
 "jinux-frame",
 "pod",
]

[[package]]
name = "jinux-virtio"
version = "0.1.0"
dependencies = [
 "bitflags",
 "component",
 "jinux-frame",
 "jinux-pci",
 "jinux-util",
 "log",
 "pod",
 "spin 0.9.4",
]

[[package]]
name = "json"
version = "0.12.4"
source = "registry+https://github.com/rust-lang/crates.io-index"
checksum = "078e285eafdfb6c4b434e0d31e8cfcb5115b651496faca5749b88fafd4f23bfd"

[[package]]
name = "lazy_static"
version = "1.4.0"
source = "registry+https://github.com/rust-lang/crates.io-index"
checksum = "e2abad23fbc42b3700f2f279844dc832adb2b2eb069b2df918f455c4e18cc646"
dependencies = [
 "spin 0.5.2",
]

[[package]]
name = "libc"
version = "0.2.137"
source = "registry+https://github.com/rust-lang/crates.io-index"
checksum = "fc7fcc620a3bff7cdd7a365be3376c97191aeaccc2a603e600951e452615bf89"

[[package]]
name = "limine"
version = "0.1.10"
source = "registry+https://github.com/rust-lang/crates.io-index"
checksum = "5e9d0c951056ac044f0e6b09448b9d702f8fb1001db89cffd2bc467bd1c25307"
dependencies = [
 "uuid",
]

[[package]]
name = "lock_api"
version = "0.4.9"
source = "registry+https://github.com/rust-lang/crates.io-index"
checksum = "435011366fe56583b16cf956f9df0095b405b82d76425bc8981c0e22e60ec4df"
dependencies = [
 "autocfg",
 "scopeguard",
]

[[package]]
name = "log"
version = "0.4.17"
source = "registry+https://github.com/rust-lang/crates.io-index"
checksum = "abb12e687cfb44aa40f41fc3978ef76448f9b6038cad6aef4259d3c095a2382e"
dependencies = [
 "cfg-if",
]

[[package]]
name = "lru"
version = "0.9.0"
source = "registry+https://github.com/rust-lang/crates.io-index"
checksum = "71e7d46de488603ffdd5f30afbc64fbba2378214a2c3a2fb83abf3d33126df17"
dependencies = [
 "hashbrown 0.13.1",
]

[[package]]
name = "memchr"
version = "2.5.0"
source = "registry+https://github.com/rust-lang/crates.io-index"
checksum = "2dffe52ecf27772e601905b7522cb4ef790d2cc203488bbd0e2fe85fcb74566d"

[[package]]
name = "memoffset"
version = "0.8.0"
source = "registry+https://github.com/rust-lang/crates.io-index"
checksum = "d61c719bcfbcf5d62b3a09efa6088de8c54bc0bfcd3ea7ae39fcc186108b8de1"
dependencies = [
 "autocfg",
]

[[package]]
name = "once_cell"
version = "1.17.0"
source = "registry+https://github.com/rust-lang/crates.io-index"
checksum = "6f61fba1741ea2b3d6a1e3178721804bb716a68a6aeba1149b5d52e3d464ea66"

[[package]]
name = "pod"
version = "0.1.0"
source = "git+https://github.com/jinzhao-dev/pod?rev=7fa2ed2#7fa2ed2bb8344856f98f0d533ecb1bab238f79ba"
dependencies = [
 "pod-derive",
]

[[package]]
name = "pod-derive"
version = "0.1.0"
source = "git+https://github.com/jinzhao-dev/pod?rev=7fa2ed2#7fa2ed2bb8344856f98f0d533ecb1bab238f79ba"
dependencies = [
 "proc-macro2",
 "quote",
 "syn",
]

[[package]]
name = "proc-macro2"
version = "1.0.47"
source = "registry+https://github.com/rust-lang/crates.io-index"
checksum = "5ea3d908b0e36316caf9e9e2c4625cdde190a7e6f440d794667ed17a1855e725"
dependencies = [
 "unicode-ident",
]

[[package]]
name = "quote"
version = "1.0.21"
source = "registry+https://github.com/rust-lang/crates.io-index"
checksum = "bbe448f377a7d6961e30f5955f9b8d106c3f5e449d493ee1b125c1d43c2b5179"
dependencies = [
 "proc-macro2",
]

[[package]]
name = "radium"
version = "0.7.0"
source = "registry+https://github.com/rust-lang/crates.io-index"
checksum = "dc33ff2d4973d518d823d61aa239014831e521c75da58e3df4840d3f47749d09"

[[package]]
name = "raw-cpuid"
version = "10.7.0"
source = "registry+https://github.com/rust-lang/crates.io-index"
checksum = "6c297679cb867470fa8c9f67dbba74a78d78e3e98d7cf2b08d6d71540f797332"
dependencies = [
 "bitflags",
]

[[package]]
name = "ringbuffer"
version = "0.10.0"
source = "registry+https://github.com/rust-lang/crates.io-index"
checksum = "310a2514cb46bb500a2f2ad70c79c51c5a475cc23faa245d2c675faabe889370"

[[package]]
name = "rsdp"
version = "2.0.0"
source = "registry+https://github.com/rust-lang/crates.io-index"
checksum = "66d3add2fc55ef37511bcf81a08ee7a09eff07b23aae38b06a29024a38c604b1"
dependencies = [
 "log",
]

[[package]]
name = "runner-utils"
version = "0.0.2"
source = "registry+https://github.com/rust-lang/crates.io-index"
checksum = "c9dc6848b056990cd51e72aa5556bdbea4a96013e8b18635d183c84159c2988f"
dependencies = [
 "thiserror",
 "wait-timeout",
]

[[package]]
name = "rustversion"
version = "1.0.9"
source = "registry+https://github.com/rust-lang/crates.io-index"
checksum = "97477e48b4cf8603ad5f7aaf897467cf42ab4218a38ef76fb14c2d6773a6d6a8"

[[package]]
name = "scopeguard"
version = "1.1.0"
source = "registry+https://github.com/rust-lang/crates.io-index"
checksum = "d29ab0c6d3fc0ee92fe66e2d99f700eab17a8d57d1c1d3b748380fb20baa78cd"

[[package]]
name = "serde"
version = "1.0.152"
source = "registry+https://github.com/rust-lang/crates.io-index"
checksum = "bb7d1f0d3021d347a83e556fc4683dea2ea09d87bccdf88ff5c12545d89d5efb"

[[package]]
name = "serde_spanned"
version = "0.6.1"
source = "registry+https://github.com/rust-lang/crates.io-index"
checksum = "0efd8caf556a6cebd3b285caf480045fcc1ac04f6bd786b09a6f11af30c4fcf4"
dependencies = [
 "serde",
]

[[package]]
name = "spin"
version = "0.5.2"
source = "registry+https://github.com/rust-lang/crates.io-index"
checksum = "6e63cff320ae2c57904679ba7cb63280a3dc4613885beafb148ee7bf9aa9042d"

[[package]]
name = "spin"
version = "0.9.4"
source = "registry+https://github.com/rust-lang/crates.io-index"
checksum = "7f6002a767bff9e83f8eeecf883ecb8011875a21ae8da43bffb817a57e78cc09"
dependencies = [
 "lock_api",
]

[[package]]
name = "spinning_top"
version = "0.2.5"
source = "registry+https://github.com/rust-lang/crates.io-index"
checksum = "5b9eb1a2f4c41445a3a0ff9abc5221c5fcd28e1f13cd7c0397706f9ac938ddb0"
dependencies = [
 "lock_api",
]

[[package]]
name = "syn"
version = "1.0.109"
source = "registry+https://github.com/rust-lang/crates.io-index"
checksum = "72b64191b275b66ffe2469e8af2c1cfe3bafa67b529ead792a6d0160888b4237"
dependencies = [
 "proc-macro2",
 "quote",
 "unicode-ident",
]

[[package]]
name = "tap"
version = "1.0.1"
source = "registry+https://github.com/rust-lang/crates.io-index"
checksum = "55937e1799185b12863d447f42597ed69d9928686b8d88a1df17376a097d8369"

[[package]]
name = "thiserror"
version = "1.0.37"
source = "registry+https://github.com/rust-lang/crates.io-index"
checksum = "10deb33631e3c9018b9baf9dcbbc4f737320d2b576bac10f6aefa048fa407e3e"
dependencies = [
 "thiserror-impl",
]

[[package]]
name = "thiserror-impl"
version = "1.0.37"
source = "registry+https://github.com/rust-lang/crates.io-index"
checksum = "982d17546b47146b28f7c22e3d08465f6b8903d0ea13c1660d9d84a6e7adcdbb"
dependencies = [
 "proc-macro2",
 "quote",
 "syn",
]

[[package]]
name = "time"
version = "0.3.20"
source = "registry+https://github.com/rust-lang/crates.io-index"
checksum = "cd0cbfecb4d19b5ea75bb31ad904eb5b9fa13f21079c3b92017ebdf4999a5890"
dependencies = [
 "serde",
 "time-core",
]

[[package]]
name = "time-core"
version = "0.1.0"
source = "registry+https://github.com/rust-lang/crates.io-index"
checksum = "2e153e1f1acaef8acc537e68b44906d2db6436e2b35ac2c6b42640fff91f00fd"

[[package]]
name = "toml"
version = "0.7.2"
source = "registry+https://github.com/rust-lang/crates.io-index"
checksum = "f7afcae9e3f0fe2c370fd4657108972cbb2fa9db1b9f84849cefd80741b01cb6"
dependencies = [
 "serde",
 "serde_spanned",
 "toml_datetime",
 "toml_edit",
]

[[package]]
name = "toml_datetime"
version = "0.6.1"
source = "registry+https://github.com/rust-lang/crates.io-index"
checksum = "3ab8ed2edee10b50132aed5f331333428b011c99402b5a534154ed15746f9622"
dependencies = [
 "serde",
]

[[package]]
name = "toml_edit"
version = "0.19.4"
source = "registry+https://github.com/rust-lang/crates.io-index"
checksum = "9a1eb0622d28f4b9c90adc4ea4b2b46b47663fde9ac5fafcb14a1369d5508825"
dependencies = [
 "indexmap",
 "serde",
 "serde_spanned",
 "toml_datetime",
 "winnow",
]

[[package]]
name = "trapframe"
version = "0.9.0"
source = "git+https://github.com/sdww0/trapframe-rs?rev=4234db5#4234db5ceb667a46c3a7b68b63a5e9ef25993ef9"
dependencies = [
 "log",
 "pod",
 "raw-cpuid",
 "x86_64",
]

[[package]]
name = "typeflags"
version = "0.1.0"
dependencies = [
 "itertools",
 "proc-macro2",
 "quote",
 "syn",
]

[[package]]
name = "typeflags-util"
version = "0.1.0"

[[package]]
name = "unicode-ident"
version = "1.0.5"
source = "registry+https://github.com/rust-lang/crates.io-index"
checksum = "6ceab39d59e4c9499d4e5a8ee0e2735b891bb7308ac83dfb4e80cad195c9f6f3"

[[package]]
name = "utf8parse"
version = "0.2.0"
source = "registry+https://github.com/rust-lang/crates.io-index"
checksum = "936e4b492acfd135421d8dca4b1aa80a7bfc26e702ef3af710e0752684df5372"

[[package]]
name = "uuid"
version = "1.3.0"
source = "registry+https://github.com/rust-lang/crates.io-index"
checksum = "1674845326ee10d37ca60470760d4288a6f80f304007d92e5c53bab78c9cfd79"

[[package]]
name = "version_check"
version = "0.9.4"
source = "registry+https://github.com/rust-lang/crates.io-index"
checksum = "49874b5167b65d7193b8aba1567f5c7d93d001cafc34600cee003eda787e483f"

[[package]]
name = "virtio-input-decoder"
version = "0.1.4"
source = "registry+https://github.com/rust-lang/crates.io-index"
checksum = "7292fc7f4de1afc0ded2e9b6e6c557d9cd594fca27a2217eb97a89d34cf5c6f5"

[[package]]
name = "volatile"
version = "0.4.5"
source = "registry+https://github.com/rust-lang/crates.io-index"
checksum = "e3ca98349dda8a60ae74e04fd90c7fb4d6a4fbe01e6d3be095478aa0b76f6c0c"

[[package]]
name = "vte"
version = "0.10.1"
source = "registry+https://github.com/rust-lang/crates.io-index"
checksum = "6cbce692ab4ca2f1f3047fcf732430249c0e971bfdd2b234cf2c47ad93af5983"
dependencies = [
 "arrayvec",
 "utf8parse",
 "vte_generate_state_changes",
]

[[package]]
name = "vte_generate_state_changes"
version = "0.1.1"
source = "registry+https://github.com/rust-lang/crates.io-index"
checksum = "d257817081c7dffcdbab24b9e62d2def62e2ff7d00b1c20062551e6cccc145ff"
dependencies = [
 "proc-macro2",
 "quote",
]

[[package]]
name = "wait-timeout"
version = "0.2.0"
source = "registry+https://github.com/rust-lang/crates.io-index"
checksum = "9f200f5b12eb75f8c1ed65abd4b2db8a6e1b138a20de009dacee265a2498f3f6"
dependencies = [
 "libc",
]

[[package]]
name = "winnow"
version = "0.3.3"
source = "registry+https://github.com/rust-lang/crates.io-index"
checksum = "faf09497b8f8b5ac5d3bb4d05c0a99be20f26fd3d5f2db7b0716e946d5103658"
dependencies = [
 "memchr",
]

[[package]]
name = "wyz"
version = "0.5.1"
source = "registry+https://github.com/rust-lang/crates.io-index"
checksum = "05f360fc0b24296329c78fda852a1e9ae82de9cf7b27dae4b7f62f118f77b9ed"
dependencies = [
 "tap",
]

[[package]]
name = "x86"
version = "0.52.0"
source = "registry+https://github.com/rust-lang/crates.io-index"
checksum = "2781db97787217ad2a2845c396a5efe286f87467a5810836db6d74926e94a385"
dependencies = [
 "bit_field",
 "bitflags",
 "raw-cpuid",
]

[[package]]
name = "x86_64"
version = "0.14.10"
source = "registry+https://github.com/rust-lang/crates.io-index"
checksum = "100555a863c0092238c2e0e814c1096c1e5cf066a309c696a87e907b5f8c5d69"
dependencies = [
 "bit_field",
 "bitflags",
 "rustversion",
 "volatile",
]

[[package]]
name = "xmas-elf"
version = "0.8.0"
source = "registry+https://github.com/rust-lang/crates.io-index"
checksum = "8d29b4d8e7beaceb4e77447ba941a7600d23d0319ab52da0461abea214832d5a"
dependencies = [
 "zero",
]

[[package]]
name = "zero"
version = "0.1.2"
source = "registry+https://github.com/rust-lang/crates.io-index"
checksum = "5f1bc8a6b2005884962297587045002d8cfb8dcec9db332f4ca216ddc5de82c5"
